
Microsoft Visual Studio Solution File, Format Version 12.00
Project("{FAE04EC0-301F-11D3-BF4B-00C04F79EFBC}") = "Service", "Service\Service.csproj", "{389AD861-1AD0-48B0-8B05-BC9609D2FD76}"
EndProject
Project("{FAE04EC0-301F-11D3-BF4B-00C04F79EFBC}") = "IService", "IService\IService.csproj", "{93BB68E6-0604-4C06-89E5-EF8E256BC29A}"
EndProject
Project("{FAE04EC0-301F-11D3-BF4B-00C04F79EFBC}") = "Utils", "Utils\Utils.csproj", "{526078E0-FFA6-467D-A747-06F95C1F4690}"
EndProject
Global
	GlobalSection(SolutionConfigurationPlatforms) = preSolution
		Debug|Any CPU = Debug|Any CPU
		Release|Any CPU = Release|Any CPU
	EndGlobalSection
	GlobalSection(ProjectConfigurationPlatforms) = postSolution
		{389AD861-1AD0-48B0-8B05-BC9609D2FD76}.Debug|Any CPU.ActiveCfg = Debug|Any CPU
		{389AD861-1AD0-48B0-8B05-BC9609D2FD76}.Debug|Any CPU.Build.0 = Debug|Any CPU
		{389AD861-1AD0-48B0-8B05-BC9609D2FD76}.Release|Any CPU.ActiveCfg = Release|Any CPU
		{389AD861-1AD0-48B0-8B05-BC9609D2FD76}.Release|Any CPU.Build.0 = Release|Any CPU
		{93BB68E6-0604-4C06-89E5-EF8E256BC29A}.Debug|Any CPU.ActiveCfg = Debug|Any CPU
		{93BB68E6-0604-4C06-89E5-EF8E256BC29A}.Debug|Any CPU.Build.0 = Debug|Any CPU
		{93BB68E6-0604-4C06-89E5-EF8E256BC29A}.Release|Any CPU.ActiveCfg = Release|Any CPU
		{93BB68E6-0604-4C06-89E5-EF8E256BC29A}.Release|Any CPU.Build.0 = Release|Any CPU
		{526078E0-FFA6-467D-A747-06F95C1F4690}.Debug|Any CPU.ActiveCfg = Debug|Any CPU
		{526078E0-FFA6-467D-A747-06F95C1F4690}.Debug|Any CPU.Build.0 = Debug|Any CPU
		{526078E0-FFA6-467D-A747-06F95C1F4690}.Release|Any CPU.ActiveCfg = Release|Any CPU
		{526078E0-FFA6-467D-A747-06F95C1F4690}.Release|Any CPU.Build.0 = Release|Any CPU
	EndGlobalSection
EndGlobal
